{
  "version": 4,
  "terraform_version": "1.6.6",
  "serial": 39,
  "lineage": "c0d4d38d-5798-838f-d8d4-4d7ae0b1a9d5",
  "outputs": {
    "iam_user_names": {
      "value": [
        "user1",
        "user2",
        "user3",
        "user4"
      ],
      "type": [
        "tuple",
        [
          "string",
          "string",
          "string",
          "string"
        ]
      ]
    }
  },
  "resources": [
    {
      "module": "module.iam",
      "mode": "managed",
      "type": "aws_iam_group",
      "name": "iam_group",
      "provider": "provider[\"registry.terraform.io/hashicorp/aws\"]",
      "instances": [
        {
          "index_key": "admin",
          "schema_version": 0,
          "attributes": {
            "arn": "arn:aws:iam::466525981731:group/admin",
            "id": "admin",
            "name": "admin",
            "path": "/",
            "unique_id": "AGPAWZHY5RQRVECROJVUH"
          },
          "sensitive_attributes": [],
          "private": "bnVsbA==",
          "dependencies": [
            "module.iam.aws_iam_user.iam_user"
          ]
        },
        {
          "index_key": "ec2_stop",
          "schema_version": 0,
          "attributes": {
            "arn": "arn:aws:iam::466525981731:group/ec2_stop",
            "id": "ec2_stop",
            "name": "ec2_stop",
            "path": "/",
            "unique_id": "AGPAWZHY5RQR4JLX5HLNW"
          },
          "sensitive_attributes": [],
          "private": "bnVsbA==",
          "dependencies": [
            "module.iam.aws_iam_user.iam_user"
          ]
        }
      ]
    },
    {
      "module": "module.iam",
      "mode": "managed",
      "type": "aws_iam_group_membership",
      "name": "group_membership",
      "provider": "provider[\"registry.terraform.io/hashicorp/aws\"]",
      "instances": [
        {
          "index_key": "admin",
          "schema_version": 0,
          "attributes": {
            "group": "admin",
            "id": "admin-membership",
            "name": "admin-membership",
            "users": [
              "user1",
              "user2"
            ]
          },
          "sensitive_attributes": [],
          "private": "bnVsbA==",
          "dependencies": [
            "module.iam.aws_iam_group.iam_group",
            "module.iam.aws_iam_policy.admin_policy",
            "module.iam.aws_iam_policy.developer_policy",
            "module.iam.aws_iam_user.iam_user"
          ]
        },
        {
          "index_key": "ec2_stop",
          "schema_version": 0,
          "attributes": {
            "group": "ec2_stop",
            "id": "ec2_stop-membership",
            "name": "ec2_stop-membership",
            "users": [
              "user3",
              "user4"
            ]
          },
          "sensitive_attributes": [],
          "private": "bnVsbA==",
          "dependencies": [
            "module.iam.aws_iam_group.iam_group",
            "module.iam.aws_iam_policy.admin_policy",
            "module.iam.aws_iam_policy.developer_policy",
            "module.iam.aws_iam_user.iam_user"
          ]
        }
      ]
    },
    {
      "module": "module.iam",
      "mode": "managed",
      "type": "aws_iam_group_policy_attachment",
      "name": "admin_group_policy_attachment",
      "provider": "provider[\"registry.terraform.io/hashicorp/aws\"]",
      "instances": [
        {
          "index_key": "admin",
          "schema_version": 0,
          "attributes": {
            "group": "admin",
            "id": "admin-20240106054624516200000001",
            "policy_arn": "arn:aws:iam::466525981731:policy/admin-admin-policy"
          },
          "sensitive_attributes": [],
          "private": "bnVsbA==",
          "dependencies": [
            "module.iam.aws_iam_group.iam_group",
            "module.iam.aws_iam_group_membership.group_membership",
            "module.iam.aws_iam_policy.admin_policy",
            "module.iam.aws_iam_policy.developer_policy",
            "module.iam.aws_iam_user.iam_user"
          ]
        }
      ]
    },
    {
      "module": "module.iam",
      "mode": "managed",
      "type": "aws_iam_group_policy_attachment",
      "name": "developer_group_policy_attachment",
      "provider": "provider[\"registry.terraform.io/hashicorp/aws\"]",
      "instances": [
        {
          "index_key": "ec2_stop",
          "schema_version": 0,
          "attributes": {
            "group": "ec2_stop",
            "id": "ec2_stop-20240106054624551000000002",
            "policy_arn": "arn:aws:iam::466525981731:policy/ec2_stop-developer-policy"
          },
          "sensitive_attributes": [],
          "private": "bnVsbA==",
          "dependencies": [
            "module.iam.aws_iam_group.iam_group",
            "module.iam.aws_iam_group_membership.group_membership",
            "module.iam.aws_iam_group_policy_attachment.admin_group_policy_attachment",
            "module.iam.aws_iam_policy.admin_policy",
            "module.iam.aws_iam_policy.developer_policy",
            "module.iam.aws_iam_user.iam_user"
          ]
        }
      ]
    },
    {
      "module": "module.iam",
      "mode": "managed",
      "type": "aws_iam_policy",
      "name": "admin_policy",
      "provider": "provider[\"registry.terraform.io/hashicorp/aws\"]",
      "instances": [
        {
          "index_key": "admin",
          "schema_version": 0,
          "attributes": {
            "arn": "arn:aws:iam::466525981731:policy/admin-admin-policy",
            "description": "Admin Policy for admin",
            "id": "arn:aws:iam::466525981731:policy/admin-admin-policy",
            "name": "admin-admin-policy",
            "name_prefix": "",
            "path": "/",
            "policy": "{\"Statement\":[{\"Action\":\"*\",\"Effect\":\"Allow\",\"Resource\":\"*\"}],\"Version\":\"2012-10-17\"}",
            "policy_id": "ANPAWZHY5RQR6UXDCNHSU",
            "tags": {},
            "tags_all": {}
          },
          "sensitive_attributes": [],
          "private": "bnVsbA==",
          "dependencies": [
            "module.iam.aws_iam_group.iam_group",
            "module.iam.aws_iam_user.iam_user"
          ]
        }
      ]
    },
    {
      "module": "module.iam",
      "mode": "managed",
      "type": "aws_iam_policy",
      "name": "developer_policy",
      "provider": "provider[\"registry.terraform.io/hashicorp/aws\"]",
      "instances": [
        {
          "index_key": "ec2_stop",
          "schema_version": 0,
          "attributes": {
            "arn": "arn:aws:iam::466525981731:policy/ec2_stop-developer-policy",
            "description": "EC2 Stop Policy for ec2_stop",
            "id": "arn:aws:iam::466525981731:policy/ec2_stop-developer-policy",
            "name": "ec2_stop-developer-policy",
            "name_prefix": "",
            "path": "/",
            "policy": "{\"Statement\":[{\"Action\":[\"ec2:Describe*\",\"ec2:StopInstances\"],\"Effect\":\"Allow\",\"Resource\":\"*\"}],\"Version\":\"2012-10-17\"}",
            "policy_id": "ANPAWZHY5RQRZBSD73HWB",
            "tags": {},
            "tags_all": {}
          },
          "sensitive_attributes": [],
          "private": "bnVsbA==",
          "dependencies": [
            "module.iam.aws_iam_group.iam_group",
            "module.iam.aws_iam_policy.admin_policy",
            "module.iam.aws_iam_user.iam_user"
          ]
        }
      ]
    },
    {
      "module": "module.iam",
      "mode": "managed",
      "type": "aws_iam_user",
      "name": "iam_user",
      "provider": "provider[\"registry.terraform.io/hashicorp/aws\"]",
      "instances": [
        {
          "index_key": "user1",
          "schema_version": 0,
          "attributes": {
            "arn": "arn:aws:iam::466525981731:user/user1",
            "force_destroy": false,
            "id": "user1",
            "name": "user1",
            "path": "/",
            "permissions_boundary": "",
            "tags": {},
            "tags_all": {},
            "unique_id": "AIDAWZHY5RQR4UU2DZVNY"
          },
          "sensitive_attributes": [],
          "private": "bnVsbA=="
        },
        {
          "index_key": "user2",
          "schema_version": 0,
          "attributes": {
            "arn": "arn:aws:iam::466525981731:user/user2",
            "force_destroy": false,
            "id": "user2",
            "name": "user2",
            "path": "/",
            "permissions_boundary": "",
            "tags": {},
            "tags_all": {},
            "unique_id": "AIDAWZHY5RQR7FVD3IL6N"
          },
          "sensitive_attributes": [],
          "private": "bnVsbA=="
        },
        {
          "index_key": "user3",
          "schema_version": 0,
          "attributes": {
            "arn": "arn:aws:iam::466525981731:user/user3",
            "force_destroy": false,
            "id": "user3",
            "name": "user3",
            "path": "/",
            "permissions_boundary": "",
            "tags": {},
            "tags_all": {},
            "unique_id": "AIDAWZHY5RQRZTZYIED6E"
          },
          "sensitive_attributes": [],
          "private": "bnVsbA=="
        },
        {
          "index_key": "user4",
          "schema_version": 0,
          "attributes": {
            "arn": "arn:aws:iam::466525981731:user/user4",
            "force_destroy": false,
            "id": "user4",
            "name": "user4",
            "path": "/",
            "permissions_boundary": "",
            "tags": {},
            "tags_all": {},
            "unique_id": "AIDAWZHY5RQR2CJWMJBMK"
          },
          "sensitive_attributes": [],
          "private": "bnVsbA=="
        }
      ]
    }
  ],
  "check_results": null
}
